# This file is automatically @generated by Cargo.
# It is not intended for manual editing.
[[package]]
name = "esp-idf-alloc"
version = "0.1.1"
source = "registry+https://github.com/rust-lang/crates.io-index"
checksum = "fb00b1df69659d7d59892929069797caccfb3ecc44dd29fc4b79d88435ebac1e"

[[package]]
name = "esp-idf-sys"
version = "0.1.0"

[[package]]
name = "esp32-hello-rust-main"
version = "0.1.0"
dependencies = [
 "esp-idf-alloc",
 "esp-idf-sys",
]
